<?xml version="1.0" encoding="utf-8"?>
<Project ToolsVersion="17.0" xmlns="http://schemas.microsoft.com/developer/msbuild/2003">
  <ItemGroup>
    <ClCompile Include="C:\Users\user\Desktop\Avoid\Avoid\Classes\AppDelegate.cpp">
      <Filter>Source Files\Classes</Filter>
    </ClCompile>
    <ClCompile Include="C:\Users\user\Desktop\Avoid\Avoid\Classes\Arrow.cpp">
      <Filter>Source Files\Classes</Filter>
    </ClCompile>
    <ClCompile Include="C:\Users\user\Desktop\Avoid\Avoid\Classes\ArrowPattern.cpp">
      <Filter>Source Files\Classes</Filter>
    </ClCompile>
    <ClCompile Include="C:\Users\user\Desktop\Avoid\Avoid\Classes\ArrowPool.cpp">
      <Filter>Source Files\Classes</Filter>
    </ClCompile>
    <ClCompile Include="C:\Users\user\Desktop\Avoid\Avoid\Classes\CameraShakeAction.cpp">
      <Filter>Source Files\Classes</Filter>
    </ClCompile>
    <ClCompile Include="C:\Users\user\Desktop\Avoid\Avoid\Classes\CirclePattern.cpp">
      <Filter>Source Files\Classes</Filter>
    </ClCompile>
    <ClCompile Include="C:\Users\user\Desktop\Avoid\Avoid\Classes\DragonPattern.cpp">
      <Filter>Source Files\Classes</Filter>
    </ClCompile>
    <ClCompile Include="C:\Users\user\Desktop\Avoid\Avoid\Classes\ForkPattern.cpp">
      <Filter>Source Files\Classes</Filter>
    </ClCompile>
    <ClCompile Include="C:\Users\user\Desktop\Avoid\Avoid\Classes\GameScene.cpp">
      <Filter>Source Files\Classes</Filter>
    </ClCompile>
    <ClCompile Include="C:\Users\user\Desktop\Avoid\Avoid\Classes\HealthBar.cpp">
      <Filter>Source Files\Classes</Filter>
    </ClCompile>
    <ClCompile Include="C:\Users\user\Desktop\Avoid\Avoid\Classes\HealthComponent.cpp">
      <Filter>Source Files\Classes</Filter>
    </ClCompile>
    <ClCompile Include="C:\Users\user\Desktop\Avoid\Avoid\Classes\OneToOnePattern.cpp">
      <Filter>Source Files\Classes</Filter>
    </ClCompile>
    <ClCompile Include="C:\Users\user\Desktop\Avoid\Avoid\Classes\Player.cpp">
      <Filter>Source Files\Classes</Filter>
    </ClCompile>
    <ClCompile Include="C:\Users\user\Desktop\Avoid\Avoid\Classes\RightAndLeftPattern.cpp">
      <Filter>Source Files\Classes</Filter>
    </ClCompile>
    <ClCompile Include="C:\Users\user\Desktop\Avoid\Avoid\Classes\SectorPattern.cpp">
      <Filter>Source Files\Classes</Filter>
    </ClCompile>
    <ClCompile Include="C:\Users\user\Desktop\Avoid\Avoid\Classes\SquarePattern.cpp">
      <Filter>Source Files\Classes</Filter>
    </ClCompile>
    <ClCompile Include="C:\Users\user\Desktop\Avoid\Avoid\Classes\StayPattern.cpp">
      <Filter>Source Files\Classes</Filter>
    </ClCompile>
    <ClCompile Include="C:\Users\user\Desktop\Avoid\Avoid\Classes\TimeView.cpp">
      <Filter>Source Files\Classes</Filter>
    </ClCompile>
    <ClCompile Include="C:\Users\user\Desktop\Avoid\Avoid\Classes\TitleScene.cpp">
      <Filter>Source Files\Classes</Filter>
    </ClCompile>
    <ClCompile Include="C:\Users\user\Desktop\Avoid\Avoid\Classes\UIController.cpp">
      <Filter>Source Files\Classes</Filter>
    </ClCompile>
    <ClCompile Include="C:\Users\user\Desktop\Avoid\Avoid\Classes\Joystick.cpp">
      <Filter>Source Files\Classes</Filter>
    </ClCompile>
    <ClCompile Include="C:\Users\user\Desktop\Avoid\Avoid\proj.win32\main.cpp">
      <Filter>Source Files\proj.win32</Filter>
    </ClCompile>
    <ClCompile Include="C:\Users\user\Desktop\Avoid\Avoid\cocos2d\cocos\precheader.cpp">
      <Filter>Source Files</Filter>
    </ClCompile>
  </ItemGroup>
  <ItemGroup>
    <ClInclude Include="C:\Users\user\Desktop\Avoid\Avoid\Classes\Action.h">
      <Filter>Source Files\Classes</Filter>
    </ClInclude>
    <ClInclude Include="C:\Users\user\Desktop\Avoid\Avoid\Classes\AppDelegate.h">
      <Filter>Source Files\Classes</Filter>
    </ClInclude>
    <ClInclude Include="C:\Users\user\Desktop\Avoid\Avoid\Classes\Arrow.h">
      <Filter>Source Files\Classes</Filter>
    </ClInclude>
    <ClInclude Include="C:\Users\user\Desktop\Avoid\Avoid\Classes\ArrowPattern.h">
      <Filter>Source Files\Classes</Filter>
    </ClInclude>
    <ClInclude Include="C:\Users\user\Desktop\Avoid\Avoid\Classes\ArrowPool.h">
      <Filter>Source Files\Classes</Filter>
    </ClInclude>
    <ClInclude Include="C:\Users\user\Desktop\Avoid\Avoid\Classes\CameraShakeAction.h">
      <Filter>Source Files\Classes</Filter>
    </ClInclude>
    <ClInclude Include="C:\Users\user\Desktop\Avoid\Avoid\Classes\CirclePattern.h">
      <Filter>Source Files\Classes</Filter>
    </ClInclude>
    <ClInclude Include="C:\Users\user\Desktop\Avoid\Avoid\Classes\DragonPattern.h">
      <Filter>Source Files\Classes</Filter>
    </ClInclude>
    <ClInclude Include="C:\Users\user\Desktop\Avoid\Avoid\Classes\Enum.h">
      <Filter>Source Files\Classes</Filter>
    </ClInclude>
    <ClInclude Include="C:\Users\user\Desktop\Avoid\Avoid\Classes\ForkPattern.h">
      <Filter>Source Files\Classes</Filter>
    </ClInclude>
    <ClInclude Include="C:\Users\user\Desktop\Avoid\Avoid\Classes\GameScene.h">
      <Filter>Source Files\Classes</Filter>
    </ClInclude>
    <ClInclude Include="C:\Users\user\Desktop\Avoid\Avoid\Classes\HealthBar.h">
      <Filter>Source Files\Classes</Filter>
    </ClInclude>
    <ClInclude Include="C:\Users\user\Desktop\Avoid\Avoid\Classes\HealthComponent.h">
      <Filter>Source Files\Classes</Filter>
    </ClInclude>
    <ClInclude Include="C:\Users\user\Desktop\Avoid\Avoid\Classes\OneToOnePattern.h">
      <Filter>Source Files\Classes</Filter>
    </ClInclude>
    <ClInclude Include="C:\Users\user\Desktop\Avoid\Avoid\Classes\Player.h">
      <Filter>Source Files\Classes</Filter>
    </ClInclude>
    <ClInclude Include="C:\Users\user\Desktop\Avoid\Avoid\Classes\RightAndLeftPattern.h">
      <Filter>Source Files\Classes</Filter>
    </ClInclude>
    <ClInclude Include="C:\Users\user\Desktop\Avoid\Avoid\Classes\SectorPattern.h">
      <Filter>Source Files\Classes</Filter>
    </ClInclude>
    <ClInclude Include="C:\Users\user\Desktop\Avoid\Avoid\Classes\SquarePattern.h">
      <Filter>Source Files\Classes</Filter>
    </ClInclude>
    <ClInclude Include="C:\Users\user\Desktop\Avoid\Avoid\Classes\StayPattern.h">
      <Filter>Source Files\Classes</Filter>
    </ClInclude>
    <ClInclude Include="C:\Users\user\Desktop\Avoid\Avoid\Classes\TimeView.h">
      <Filter>Source Files\Classes</Filter>
    </ClInclude>
    <ClInclude Include="C:\Users\user\Desktop\Avoid\Avoid\Classes\TitleScene.h">
      <Filter>Source Files\Classes</Filter>
    </ClInclude>
    <ClInclude Include="C:\Users\user\Desktop\Avoid\Avoid\Classes\UIController.h">
      <Filter>Source Files\Classes</Filter>
    </ClInclude>
    <ClInclude Include="C:\Users\user\Desktop\Avoid\Avoid\Classes\Joystick.h">
      <Filter>Source Files\Classes</Filter>
    </ClInclude>
    <ClInclude Include="C:\Users\user\Desktop\Avoid\Avoid\proj.win32\main.h">
      <Filter>Source Files\proj.win32</Filter>
    </ClInclude>
    <ClInclude Include="C:\Users\user\Desktop\Avoid\Avoid\proj.win32\resource.h">
      <Filter>Source Files\proj.win32</Filter>
    </ClInclude>
    <ClInclude Include="C:\Users\user\Desktop\Avoid\Avoid\Resources\Arrow.png">
      <Filter>Resources</Filter>
    </ClInclude>
    <ClInclude Include="C:\Users\user\Desktop\Avoid\Avoid\Resources\CloseNormal.png">
      <Filter>Resources</Filter>
    </ClInclude>
    <ClInclude Include="C:\Users\user\Desktop\Avoid\Avoid\Resources\CloseSelected.png">
      <Filter>Resources</Filter>
    </ClInclude>
    <ClInclude Include="C:\Users\user\Desktop\Avoid\Avoid\Resources\HealthBar.png">
      <Filter>Resources</Filter>
    </ClInclude>
    <ClInclude Include="C:\Users\user\Desktop\Avoid\Avoid\Resources\HelloWorld.png">
      <Filter>Resources</Filter>
    </ClInclude>
    <ClInclude Include="C:\Users\user\Desktop\Avoid\Avoid\Resources\bloodScreen.png">
      <Filter>Resources</Filter>
    </ClInclude>
    <ClInclude Include="C:\Users\user\Desktop\Avoid\Avoid\Resources\boundingBox.png">
      <Filter>Resources</Filter>
    </ClInclude>
    <ClInclude Include="C:\Users\user\Desktop\Avoid\Avoid\Resources\character.png">
      <Filter>Resources</Filter>
    </ClInclude>
    <ClInclude Include="C:\Users\user\Desktop\Avoid\Avoid\Resources\dpadbase.png">
      <Filter>Resources</Filter>
    </ClInclude>
    <ClInclude Include="C:\Users\user\Desktop\Avoid\Avoid\Resources\dpadmid.png">
      <Filter>Resources</Filter>
    </ClInclude>
    <ClInclude Include="C:\Users\user\Desktop\Avoid\Avoid\Resources\fonts\CookieRun Regular.ttf">
      <Filter>Resources\fonts</Filter>
    </ClInclude>
    <ClInclude Include="C:\Users\user\Desktop\Avoid\Avoid\Resources\fonts\Marker Felt.ttf">
      <Filter>Resources\fonts</Filter>
    </ClInclude>
    <ClInclude Include="C:\Users\user\Desktop\Avoid\Avoid\Resources\fonts\arial.ttf">
      <Filter>Resources\fonts</Filter>
    </ClInclude>
    <ClInclude Include="C:\Users\user\Desktop\Avoid\Avoid\Resources\res\.gitkeep">
      <Filter>Resources\res</Filter>
    </ClInclude>
    <ClInclude Include="C:\Users\user\Desktop\Avoid\Avoid\Resources\shaders\CRT.frag">
      <Filter>Resources\shaders</Filter>
    </ClInclude>
    <ClInclude Include="C:\Users\user\Desktop\Avoid\Avoid\Resources\shaders\CRT.vert">
      <Filter>Resources\shaders</Filter>
    </ClInclude>
  </ItemGroup>
  <ItemGroup>
    <CustomBuild Include="C:\Users\user\Desktop\Avoid\Avoid\CMakeLists.txt" />
  </ItemGroup>
  <ItemGroup>
    <ResourceCompile Include="C:\Users\user\Desktop\Avoid\Avoid\proj.win32\game.rc">
      <Filter>Source Files\proj.win32</Filter>
    </ResourceCompile>
  </ItemGroup>
  <ItemGroup>
    <Filter Include="Resources">
      <UniqueIdentifier>{78C360CA-A92F-344A-AF1B-A2625042D5D8}</UniqueIdentifier>
    </Filter>
    <Filter Include="Resources\fonts">
      <UniqueIdentifier>{48A1BDB8-0CD8-39BB-95D6-1CF78C700D51}</UniqueIdentifier>
    </Filter>
    <Filter Include="Resources\res">
      <UniqueIdentifier>{6E792698-2B49-3F95-B29B-C3A542C23D17}</UniqueIdentifier>
    </Filter>
    <Filter Include="Resources\shaders">
      <UniqueIdentifier>{F44AAD43-0429-3E31-824E-49DF48B7C9E5}</UniqueIdentifier>
    </Filter>
    <Filter Include="Source Files">
      <UniqueIdentifier>{C8259921-B896-3A15-88C1-A911B261CDE5}</UniqueIdentifier>
    </Filter>
    <Filter Include="Source Files\Classes">
      <UniqueIdentifier>{9C4B16C5-80FF-3BC1-A2E3-9569BFD73787}</UniqueIdentifier>
    </Filter>
    <Filter Include="Source Files\proj.win32">
      <UniqueIdentifier>{07602429-9720-38A7-896A-51EE58777FB5}</UniqueIdentifier>
    </Filter>
  </ItemGroup>
</Project>
